// !$*UTF8*$!
{
	archiveVersion = 1;
	classes = {
	};
	objectVersion = 50;
	objects = {

/* Begin PBXBuildFile section */
		7A356BE025C230A4001BC984 /* TwoPlayer.swift in Sources */ = {isa = PBXBuildFile; fileRef = 7A356BDF25C230A4001BC984 /* TwoPlayer.swift */; };
		7AA1A2D725B2D5A5003154A9 /* AgainstPC.swift in Sources */ = {isa = PBXBuildFile; fileRef = 7AA1A2D625B2D5A5003154A9 /* AgainstPC.swift */; };
		7AF3606325B28F270082511E /* AppDelegate.swift in Sources */ = {isa = PBXBuildFile; fileRef = 7AF3606225B28F270082511E /* AppDelegate.swift */; };
		7AF3606525B28F270082511E /* SceneDelegate.swift in Sources */ = {isa = PBXBuildFile; fileRef = 7AF3606425B28F270082511E /* SceneDelegate.swift */; };
		7AF3606725B28F270082511E /* ViewController.swift in Sources */ = {isa = PBXBuildFile; fileRef = 7AF3606625B28F270082511E /* ViewController.swift */; };
		7AF3606A25B28F270082511E /* Main.storyboard in Resources */ = {isa = PBXBuildFile; fileRef = 7AF3606825B28F270082511E /* Main.storyboard */; };
		7AF3606F25B28F280082511E /* LaunchScreen.storyboard in Resources */ = {isa = PBXBuildFile; fileRef = 7AF3606D25B28F280082511E /* LaunchScreen.storyboard */; };
		7AF3607A25B28F280082511E /* tictactoeTests.swift in Sources */ = {isa = PBXBuildFile; fileRef = 7AF3607925B28F280082511E /* tictactoeTests.swift */; };
		7AF3608525B28F280082511E /* tictactoeUITests.swift in Sources */ = {isa = PBXBuildFile; fileRef = 7AF3608425B28F280082511E /* tictactoeUITests.swift */; };
		7AF3609925B298F90082511E /* Assets.xcassets in Resources */ = {isa = PBXBuildFile; fileRef = 7AF3609825B298F90082511E /* Assets.xcassets */; };
/* End PBXBuildFile section */

/* Begin PBXContainerItemProxy section */
		7AF3607625B28F280082511E /* PBXContainerItemProxy */ = {
			isa = PBXContainerItemProxy;
			containerPortal = 7AF3605725B28F270082511E /* Project object */;
			proxyType = 1;
			remoteGlobalIDString = 7AF3605E25B28F270082511E;
			remoteInfo = tictactoe;
		};
		7AF3608125B28F280082511E /* PBXContainerItemProxy */ = {
			isa = PBXContainerItemProxy;
			containerPortal = 7AF3605725B28F270082511E /* Project object */;
			proxyType = 1;
			remoteGlobalIDString = 7AF3605E25B28F270082511E;
			remoteInfo = tictactoe;
		};
/* End PBXContainerItemProxy section */

/* Begin PBXFileReference section */
		7A356BDF25C230A4001BC984 /* TwoPlayer.swift */ = {isa = PBXFileReference; lastKnownFileType = sourcecode.swift; path = TwoPlayer.swift; sourceTree = "<group>"; };
		7AA1A2D625B2D5A5003154A9 /* AgainstPC.swift */ = {isa = PBXFileReference; lastKnownFileType = sourcecode.swift; path = AgainstPC.swift; sourceTree = "<group>"; };
		7AF3605F25B28F270082511E /* tictactoe.app */ = {isa = PBXFileReference; explicitFileType = wrapper.application; includeInIndex = 0; path = tictactoe.app; sourceTree = BUILT_PRODUCTS_DIR; };
		7AF3606225B28F270082511E /* AppDelegate.swift */ = {isa = PBXFileReference; lastKnownFileType = sourcecode.swift; path = AppDelegate.swift; sourceTree = "<group>"; };
		7AF3606425B28F270082511E /* SceneDelegate.swift */ = {isa = PBXFileReference; lastKnownFileType = sourcecode.swift; path = SceneDelegate.swift; sourceTree = "<group>"; };
		7AF3606625B28F270082511E /* ViewController.swift */ = {isa = PBXFileReference; lastKnownFileType = sourcecode.swift; path = ViewController.swift; sourceTree = "<group>"; };
		7AF3606925B28F270082511E /* Base */ = {isa = PBXFileReference; lastKnownFileType = file.storyboard; name = Base; path = Base.lproj/Main.storyboard; sourceTree = "<group>"; };
		7AF3606E25B28F280082511E /* Base */ = {isa = PBXFileReference; lastKnownFileType = file.storyboard; name = Base; path = Base.lproj/LaunchScreen.storyboard; sourceTree = "<group>"; };
		7AF3607025B28F280082511E /* Info.plist */ = {isa = PBXFileReference; lastKnownFileType = text.plist.xml; path = Info.plist; sourceTree = "<group>"; };
		7AF3607525B28F280082511E /* tictactoeTests.xctest */ = {isa = PBXFileReference; explicitFileType = wrapper.cfbundle; includeInIndex = 0; path = tictactoeTests.xctest; sourceTree = BUILT_PRODUCTS_DIR; };
		7AF3607925B28F280082511E /* tictactoeTests.swift */ = {isa = PBXFileReference; lastKnownFileType = sourcecode.swift; path = tictactoeTests.swift; sourceTree = "<group>"; };
		7AF3607B25B28F280082511E /* Info.plist */ = {isa = PBXFileReference; lastKnownFileType = text.plist.xml; path = Info.plist; sourceTree = "<group>"; };
		7AF3608025B28F280082511E /* tictactoeUITests.xctest */ = {isa = PBXFileReference; explicitFileType = wrapper.cfbundle; includeInIndex = 0; path = tictactoeUITests.xctest; sourceTree = BUILT_PRODUCTS_DIR; };
		7AF3608425B28F280082511E /* tictactoeUITests.swift */ = {isa = PBXFileReference; lastKnownFileType = sourcecode.swift; path = tictactoeUITests.swift; sourceTree = "<group>"; };
		7AF3608625B28F280082511E /* Info.plist */ = {isa = PBXFileReference; lastKnownFileType = text.plist.xml; path = Info.plist; sourceTree = "<group>"; };
		7AF3609825B298F90082511E /* Assets.xcassets */ = {isa = PBXFileReference; lastKnownFileType = folder.assetcatalog; path = Assets.xcassets; sourceTree = "<group>"; };
/* End PBXFileReference section */

/* Begin PBXFrameworksBuildPhase section */
		7AF3605C25B28F270082511E /* Frameworks */ = {
			isa = PBXFrameworksBuildPhase;
			buildActionMask = 2147483647;
			files = (
			);
			runOnlyForDeploymentPostprocessing = 0;
		};
		7AF3607225B28F280082511E /* Frameworks */ = {
			isa = PBXFrameworksBuildPhase;
			buildActionMask = 2147483647;
			files = (
			);
			runOnlyForDeploymentPostprocessing = 0;
		};
		7AF3607D25B28F280082511E /* Frameworks */ = {
			isa = PBXFrameworksBuildPhase;
			buildActionMask = 2147483647;
			files = (
			);
			runOnlyForDeploymentPostprocessing = 0;
		};
/* End PBXFrameworksBuildPhase section */

/* Begin PBXGroup section */
		7AF3605625B28F270082511E = {
			isa = PBXGroup;
			children = (
				7AF3606125B28F270082511E /* tictactoe */,
				7AF3607825B28F280082511E /* tictactoeTests */,
				7AF3608325B28F280082511E /* tictactoeUITests */,
				7AF3606025B28F270082511E /* Products */,
			);
			sourceTree = "<group>";
		};
		7AF3606025B28F270082511E /* Products */ = {
			isa = PBXGroup;
			children = (
				7AF3605F25B28F270082511E /* tictactoe.app */,
				7AF3607525B28F280082511E /* tictactoeTests.xctest */,
				7AF3608025B28F280082511E /* tictactoeUITests.xctest */,
			);
			name = Products;
			sourceTree = "<group>";
		};
		7AF3606125B28F270082511E /* tictactoe */ = {
			isa = PBXGroup;
			children = (
				7AF3606225B28F270082511E /* AppDelegate.swift */,
				7AF3606425B28F270082511E /* SceneDelegate.swift */,
				7AF3606625B28F270082511E /* ViewController.swift */,
				7AA1A2D625B2D5A5003154A9 /* AgainstPC.swift */,
				7A356BDF25C230A4001BC984 /* TwoPlayer.swift */,
				7AF3606825B28F270082511E /* Main.storyboard */,
				7AF3609825B298F90082511E /* Assets.xcassets */,
				7AF3606D25B28F280082511E /* LaunchScreen.storyboard */,
				7AF3607025B28F280082511E /* Info.plist */,
			);
			path = tictactoe;
			sourceTree = "<group>";
		};
		7AF3607825B28F280082511E /* tictactoeTests */ = {
			isa = PBXGroup;
			children = (
				7AF3607925B28F280082511E /* tictactoeTests.swift */,
				7AF3607B25B28F280082511E /* Info.plist */,
			);
			path = tictactoeTests;
			sourceTree = "<group>";
		};
		7AF3608325B28F280082511E /* tictactoeUITests */ = {
			isa = PBXGroup;
			children = (
				7AF3608425B28F280082511E /* tictactoeUITests.swift */,
				7AF3608625B28F280082511E /* Info.plist */,
			);
			path = tictactoeUITests;
			sourceTree = "<group>";
		};
/* End PBXGroup section */

/* Begin PBXNativeTarget section */
		7AF3605E25B28F270082511E /* tictactoe */ = {
			isa = PBXNativeTarget;
			buildConfigurationList = 7AF3608925B28F280082511E /* Build configuration list for PBXNativeTarget "tictactoe" */;
			buildPhases = (
				7AF3605B25B28F270082511E /* Sources */,
				7AF3605C25B28F270082511E /* Frameworks */,
				7AF3605D25B28F270082511E /* Resources */,
			);
			buildRules = (
			);
			dependencies = (
			);
			name = tictactoe;
			productName = tictactoe;
			productReference = 7AF3605F25B28F270082511E /* tictactoe.app */;
			productType = "com.apple.product-type.application";
		};
		7AF3607425B28F280082511E /* tictactoeTests */ = {
			isa = PBXNativeTarget;
			buildConfigurationList = 7AF3608C25B28F280082511E /* Build configuration list for PBXNativeTarget "tictactoeTests" */;
			buildPhases = (
				7AF3607125B28F280082511E /* Sources */,
				7AF3607225B28F280082511E /* Frameworks */,
				7AF3607325B28F280082511E /* Resources */,
			);
			buildRules = (
			);
			dependencies = (
				7AF3607725B28F280082511E /* PBXTargetDependency */,
			);
			name = tictactoeTests;
			productName = tictactoeTests;
			productReference = 7AF3607525B28F280082511E /* tictactoeTests.xctest */;
			productType = "com.apple.product-type.bundle.unit-test";
		};
		7AF3607F25B28F280082511E /* tictactoeUITests */ = {
			isa = PBXNativeTarget;
			buildConfigurationList = 7AF3608F25B28F280082511E /* Build configuration list for PBXNativeTarget "tictactoeUITests" */;
			buildPhases = (
				7AF3607C25B28F280082511E /* Sources */,
				7AF3607D25B28F280082511E /* Frameworks */,
				7AF3607E25B28F280082511E /* Resources */,
			);
			buildRules = (
			);
			dependencies = (
				7AF3608225B28F280082511E /* PBXTargetDependency */,
			);
			name = tictactoeUITests;
			productName = tictactoeUITests;
			productReference = 7AF3608025B28F280082511E /* tictactoeUITests.xctest */;
			productType = "com.apple.product-type.bundle.ui-testing";
		};
/* End PBXNativeTarget section */

/* Begin PBXProject section */
		7AF3605725B28F270082511E /* Project object */ = {
			isa = PBXProject;
			attributes = {
				LastSwiftUpdateCheck = 1230;
				LastUpgradeCheck = 1230;
				TargetAttributes = {
					7AF3605E25B28F270082511E = {
						CreatedOnToolsVersion = 12.3;
					};
					7AF3607425B28F280082511E = {
						CreatedOnToolsVersion = 12.3;
						TestTargetID = 7AF3605E25B28F270082511E;
					};
					7AF3607F25B28F280082511E = {
						CreatedOnToolsVersion = 12.3;
						TestTargetID = 7AF3605E25B28F270082511E;
					};
				};
			};
			buildConfigurationList = 7AF3605A25B28F270082511E /* Build configuration list for PBXProject "tictactoe" */;
			compatibilityVersion = "Xcode 9.3";
			developmentRegion = en;
			hasScannedForEncodings = 0;
			knownRegions = (
				en,
				Base,
			);
			mainGroup = 7AF3605625B28F270082511E;
			productRefGroup = 7AF3606025B28F270082511E /* Products */;
			projectDirPath = "";
			projectRoot = "";
			targets = (
				7AF3605E25B28F270082511E /* tictactoe */,
				7AF3607425B28F280082511E /* tictactoeTests */,
				7AF3607F25B28F280082511E /* tictactoeUITests */,
			);
		};
/* End PBXProject section */

/* Begin PBXResourcesBuildPhase section */
		7AF3605D25B28F270082511E /* Resources */ = {
			isa = PBXResourcesBuildPhase;
			buildActionMask = 2147483647;
			files = (
				7AF3606F25B28F280082511E /* LaunchScreen.storyboard in Resources */,
				7AF3609925B298F90082511E /* Assets.xcassets in Resources */,
				7AF3606A25B28F270082511E /* Main.storyboard in Resources */,
			);
			runOnlyForDeploymentPostprocessing = 0;
		};
		7AF3607325B28F280082511E /* Resources */ = {
			isa = PBXResourcesBuildPhase;
			buildActionMask = 2147483647;
			files = (
			);
			runOnlyForDeploymentPostprocessing = 0;
		};
		7AF3607E25B28F280082511E /* Resources */ = {
			isa = PBXResourcesBuildPhase;
			buildActionMask = 2147483647;
			files = (
			);
			runOnlyForDeploymentPostprocessing = 0;
		};
/* End PBXResourcesBuildPhase section */

/* Begin PBXSourcesBuildPhase section */
		7AF3605B25B28F270082511E /* Sources */ = {
			isa = PBXSourcesBuildPhase;
			buildActionMask = 2147483647;
			files = (
				7AA1A2D725B2D5A5003154A9 /* AgainstPC.swift in Sources */,
				7AF3606725B28F270082511E /* ViewController.swift in Sources */,
				7A356BE025C230A4001BC984 /* TwoPlayer.swift in Sources */,
				7AF3606325B28F270082511E /* AppDelegate.swift in Sources */,
				7AF3606525B28F270082511E /* SceneDelegate.swift in Sources */,
			);
			runOnlyForDeploymentPostprocessing = 0;
		};
		7AF3607125B28F280082511E /* Sources */ = {
			isa = PBXSourcesBuildPhase;
			buildActionMask = 2147483647;
			files = (
				7AF3607A25B28F280082511E /* tictactoeTests.swift in Sources */,
			);
			runOnlyForDeploymentPostprocessing = 0;
		};
		7AF3607C25B28F280082511E /* Sources */ = {
			isa = PBXSourcesBuildPhase;
			buildActionMask = 2147483647;
			files = (
				7AF3608525B28F280082511E /* tictactoeUITests.swift in Sources */,
			);
			runOnlyForDeploymentPostprocessing = 0;
		};
/* End PBXSourcesBuildPhase section */

/* Begin PBXTargetDependency section */
		7AF3607725B28F280082511E /* PBXTargetDependency */ = {
			isa = PBXTargetDependency;
			target = 7AF3605E25B28F270082511E /* tictactoe */;
			targetProxy = 7AF3607625B28F280082511E /* PBXContainerItemProxy */;
		};
		7AF3608225B28F280082511E /* PBXTargetDependency */ = {
			isa = PBXTargetDependency;
			target = 7AF3605E25B28F270082511E /* tictactoe */;
			targetProxy = 7AF3608125B28F280082511E /* PBXContainerItemProxy */;
		};
/* End PBXTargetDependency section */

/* Begin PBXVariantGroup section */
		7AF3606825B28F270082511E /* Main.storyboard */ = {
			isa = PBXVariantGroup;
			children = (
				7AF3606925B28F270082511E /* Base */,
			);
			name = Main.storyboard;
			sourceTree = "<group>";
		};
		7AF3606D25B28F280082511E /* LaunchScreen.storyboard */ = {
			isa = PBXVariantGroup;
			children = (
				7AF3606E25B28F280082511E /* Base */,
			);
			name = LaunchScreen.storyboard;
			sourceTree = "<group>";
		};
/* End PBXVariantGroup section */

/* Begin XCBuildConfiguration section */
		7AF3608725B28F280082511E /* Debug */ = {
			isa = XCBuildConfiguration;
			buildSettings = {
				ALWAYS_SEARCH_USER_PATHS = NO;
				CLANG_ANALYZER_NONNULL = YES;
				CLANG_ANALYZER_NUMBER_OBJECT_CONVERSION = YES_AGGRESSIVE;
				CLANG_CXX_LANGUAGE_STANDARD = "gnu++14";
				CLANG_CXX_LIBRARY = "libc++";
				CLANG_ENABLE_MODULES = YES;
				CLANG_ENABLE_OBJC_ARC = YES;
				CLANG_ENABLE_OBJC_WEAK = YES;
				CLANG_WARN_BLOCK_CAPTURE_AUTORELEASING = YES;
				CLANG_WARN_BOOL_CONVERSION = YES;
				CLANG_WARN_COMMA = YES;
				CLANG_WARN_CONSTANT_CONVERSION = YES;
				CLANG_WARN_DEPRECATED_OBJC_IMPLEMENTATIONS = YES;
				CLANG_WARN_DIRECT_OBJC_ISA_USAGE = YES_ERROR;
				CLANG_WARN_DOCUMENTATION_COMMENTS = YES;
				CLANG_WARN_EMPTY_BODY = YES;
				CLANG_WARN_ENUM_CONVERSION = YES;
				CLANG_WARN_INFINITE_RECURSION = YES;
				CLANG_WARN_INT_CONVERSION = YES;
				CLANG_WARN_NON_LITERAL_NULL_CONVERSION = YES;
				CLANG_WARN_OBJC_IMPLICIT_RETAIN_SELF = YES;
				CLANG_WARN_OBJC_LITERAL_CONVERSION = YES;
				CLANG_WARN_OBJC_ROOT_CLASS = YES_ERROR;
				CLANG_WARN_QUOTED_INCLUDE_IN_FRAMEWORK_HEADER = YES;
				CLANG_WARN_RANGE_LOOP_ANALYSIS = YES;
				CLANG_WARN_STRICT_PROTOTYPES = YES;
				CLANG_WARN_SUSPICIOUS_MOVE = YES;
				CLANG_WARN_UNGUARDED_AVAILABILITY = YES_AGGRESSIVE;
				CLANG_WARN_UNREACHABLE_CODE = YES;
				CLANG_WARN__DUPLICATE_METHOD_MATCH = YES;
				COPY_PHASE_STRIP = NO;
				DEBUG_INFORMATION_FORMAT = dwarf;
				ENABLE_STRICT_OBJC_MSGSEND = YES;
				ENABLE_TESTABILITY = YES;
				GCC_C_LANGUAGE_STANDARD = gnu11;
				GCC_DYNAMIC_NO_PIC = NO;
				GCC_NO_COMMON_BLOCKS = YES;
				GCC_OPTIMIZATION_LEVEL = 0;
				GCC_PREPROCESSOR_DEFINITIONS = (
					"DEBUG=1",
					"$(inherited)",
				);
				GCC_WARN_64_TO_32_BIT_CONVERSION = YES;
				GCC_WARN_ABOUT_RETURN_TYPE = YES_ERROR;
				GCC_WARN_UNDECLARED_SELECTOR = YES;
				GCC_WARN_UNINITIALIZED_AUTOS = YES_AGGRESSIVE;
				GCC_WARN_UNUSED_FUNCTION = YES;
				GCC_WARN_UNUSED_VARIABLE = YES;
				IPHONEOS_DEPLOYMENT_TARGET = 14.3;
				MTL_ENABLE_DEBUG_INFO = INCLUDE_SOURCE;
				MTL_FAST_MATH = YES;
				ONLY_ACTIVE_ARCH = YES;
				SDKROOT = iphoneos;
				SWIFT_ACTIVE_COMPILATION_CONDITIONS = DEBUG;
				SWIFT_OPTIMIZATION_LEVEL = "-Onone";
			};
			name = Debug;
		};
		7AF3608825B28F280082511E /* Release */ = {
			isa = XCBuildConfiguration;
			buildSettings = {
				ALWAYS_SEARCH_USER_PATHS = NO;
				CLANG_ANALYZER_NONNULL = YES;
				CLANG_ANALYZER_NUMBER_OBJECT_CONVERSION = YES_AGGRESSIVE;
				CLANG_CXX_LANGUAGE_STANDARD = "gnu++14";
				CLANG_CXX_LIBRARY = "libc++";
				CLANG_ENABLE_MODULES = YES;
				CLANG_ENABLE_OBJC_ARC = YES;
				CLANG_ENABLE_OBJC_WEAK = YES;
				CLANG_WARN_BLOCK_CAPTURE_AUTORELEASING = YES;
				CLANG_WARN_BOOL_CONVERSION = YES;
				CLANG_WARN_COMMA = YES;
				CLANG_WARN_CONSTANT_CONVERSION = YES;
				CLANG_WARN_DEPRECATED_OBJC_IMPLEMENTATIONS = YES;
				CLANG_WARN_DIRECT_OBJC_ISA_USAGE = YES_ERROR;
				CLANG_WARN_DOCUMENTATION_COMMENTS = YES;
				CLANG_WARN_EMPTY_BODY = YES;
				CLANG_WARN_ENUM_CONVERSION = YES;
				CLANG_WARN_INFINITE_RECURSION = YES;
				CLANG_WARN_INT_CONVERSION = YES;
				CLANG_WARN_NON_LITERAL_NULL_CONVERSION = YES;
				CLANG_WARN_OBJC_IMPLICIT_RETAIN_SELF = YES;
				CLANG_WARN_OBJC_LITERAL_CONVERSION = YES;
				CLANG_WARN_OBJC_ROOT_CLASS = YES_ERROR;
				CLANG_WARN_QUOTED_INCLUDE_IN_FRAMEWORK_HEADER = YES;
				CLANG_WARN_RANGE_LOOP_ANALYSIS = YES;
				CLANG_WARN_STRICT_PROTOTYPES = YES;
				CLANG_WARN_SUSPICIOUS_MOVE = YES;
				CLANG_WARN_UNGUARDED_AVAILABILITY = YES_AGGRESSIVE;
				CLANG_WARN_UNREACHABLE_CODE = YES;
				CLANG_WARN__DUPLICATE_METHOD_MATCH = YES;
				COPY_PHASE_STRIP = NO;
				DEBUG_INFORMATION_FORMAT = "dwarf-with-dsym";
				ENABLE_NS_ASSERTIONS = NO;
				ENABLE_STRICT_OBJC_MSGSEND = YES;
				GCC_C_LANGUAGE_STANDARD = gnu11;
				GCC_NO_COMMON_BLOCKS = YES;
				GCC_WARN_64_TO_32_BIT_CONVERSION = YES;
				GCC_WARN_ABOUT_RETURN_TYPE = YES_ERROR;
				GCC_WARN_UNDECLARED_SELECTOR = YES;
				GCC_WARN_UNINITIALIZED_AUTOS = YES_AGGRESSIVE;
				GCC_WARN_UNUSED_FUNCTION = YES;
				GCC_WARN_UNUSED_VARIABLE = YES;
				IPHONEOS_DEPLOYMENT_TARGET = 14.3;
				MTL_ENABLE_DEBUG_INFO = NO;
				MTL_FAST_MATH = YES;
				SDKROOT = iphoneos;
				SWIFT_COMPILATION_MODE = wholemodule;
				SWIFT_OPTIMIZATION_LEVEL = "-O";
				VALIDATE_PRODUCT = YES;
			};
			name = Release;
		};
		7AF3608A25B28F280082511E /* Debug */ = {
			isa = XCBuildConfiguration;
			buildSettings = {
				ASSETCATALOG_COMPILER_APPICON_NAME = AppIcon;
				ASSETCATALOG_COMPILER_GLOBAL_ACCENT_COLOR_NAME = AccentColor;
				CODE_SIGN_STYLE = Automatic;
				INFOPLIST_FILE = tictactoe/Info.plist;
				LD_RUNPATH_SEARCH_PATHS = (
					"$(inherited)",
					"@executable_path/Frameworks",
				);
				PRODUCT_BUNDLE_IDENTIFIER = gabe.tictactoe;
				PRODUCT_NAME = "$(TARGET_NAME)";
				SWIFT_VERSION = 5.0;
				TARGETED_DEVICE_FAMILY = "1,2";
			};
			name = Debug;
		};
		7AF3608B25B28F280082511E /* Release */ = {
			isa = XCBuildConfiguration;
			buildSettings = {
				ASSETCATALOG_COMPILER_APPICON_NAME = AppIcon;
				ASSETCATALOG_COMPILER_GLOBAL_ACCENT_COLOR_NAME = AccentColor;
				CODE_SIGN_STYLE = Automatic;
				INFOPLIST_FILE = tictactoe/Info.plist;
				LD_RUNPATH_SEARCH_PATHS = (
					"$(inherited)",
					"@executable_path/Frameworks",
				);
				PRODUCT_BUNDLE_IDENTIFIER = gabe.tictactoe;
				PRODUCT_NAME = "$(TARGET_NAME)";
				SWIFT_VERSION = 5.0;
				TARGETED_DEVICE_FAMILY = "1,2";
			};
			name = Release;
		};
		7AF3608D25B28F280082511E /* Debug */ = {
			isa = XCBuildConfiguration;
			buildSettings = {
				ALWAYS_EMBED_SWIFT_STANDARD_LIBRARIES = YES;
				BUNDLE_LOADER = "$(TEST_HOST)";
				CODE_SIGN_STYLE = Automatic;
				INFOPLIST_FILE = tictactoeTests/Info.plist;
				IPHONEOS_DEPLOYMENT_TARGET = 14.3;
				LD_RUNPATH_SEARCH_PATHS = (
					"$(inherited)",
					"@executable_path/Frameworks",
					"@loader_path/Frameworks",
				);
				PRODUCT_BUNDLE_IDENTIFIER = gabe.tictactoeTests;
				PRODUCT_NAME = "$(TARGET_NAME)";
				SWIFT_VERSION = 5.0;
				TARGETED_DEVICE_FAMILY = "1,2";
				TEST_HOST = "$(BUILT_PRODUCTS_DIR)/tictactoe.app/tictactoe";
			};
			name = Debug;
		};
		7AF3608E25B28F280082511E /* Release */ = {
			isa = XCBuildConfiguration;
			buildSettings = {
				ALWAYS_EMBED_SWIFT_STANDARD_LIBRARIES = YES;
				BUNDLE_LOADER = "$(TEST_HOST)";
				CODE_SIGN_STYLE = Automatic;
				INFOPLIST_FILE = tictactoeTests/Info.plist;
				IPHONEOS_DEPLOYMENT_TARGET = 14.3;
				LD_RUNPATH_SEARCH_PATHS = (
					"$(inherited)",
					"@executable_path/Frameworks",
					"@loader_path/Frameworks",
				);
				PRODUCT_BUNDLE_IDENTIFIER = gabe.tictactoeTests;
				PRODUCT_NAME = "$(TARGET_NAME)";
				SWIFT_VERSION = 5.0;
				TARGETED_DEVICE_FAMILY = "1,2";
				TEST_HOST = "$(BUILT_PRODUCTS_DIR)/tictactoe.app/tictactoe";
			};
			name = Release;
		};
		7AF3609025B28F280082511E /* Debug */ = {
			isa = XCBuildConfiguration;
			buildSettings = {
				ALWAYS_EMBED_SWIFT_STANDARD_LIBRARIES = YES;
				CODE_SIGN_STYLE = Automatic;
				INFOPLIST_FILE = tictactoeUITests/Info.plist;
				LD_RUNPATH_SEARCH_PATHS = (
					"$(inherited)",
					"@executable_path/Frameworks",
					"@loader_path/Frameworks",
				);
				PRODUCT_BUNDLE_IDENTIFIER = gabe.tictactoeUITests;
				PRODUCT_NAME = "$(TARGET_NAME)";
				SWIFT_VERSION = 5.0;
				TARGETED_DEVICE_FAMILY = "1,2";
				TEST_TARGET_NAME = tictactoe;
			};
			name = Debug;
		};
		7AF3609125B28F280082511E /* Release */ = {
			isa = XCBuildConfiguration;
			buildSettings = {
				ALWAYS_EMBED_SWIFT_STANDARD_LIBRARIES = YES;
				CODE_SIGN_STYLE = Automatic;
				INFOPLIST_FILE = tictactoeUITests/Info.plist;
				LD_RUNPATH_SEARCH_PATHS = (
					"$(inherited)",
					"@executable_path/Frameworks",
					"@loader_path/Frameworks",
				);
				PRODUCT_BUNDLE_IDENTIFIER = gabe.tictactoeUITests;
				PRODUCT_NAME = "$(TARGET_NAME)";
				SWIFT_VERSION = 5.0;
				TARGETED_DEVICE_FAMILY = "1,2";
				TEST_TARGET_NAME = tictactoe;
			};
			name = Release;
		};
/* End XCBuildConfiguration section */

/* Begin XCConfigurationList section */
		7AF3605A25B28F270082511E /* Build configuration list for PBXProject "tictactoe" */ = {
			isa = XCConfigurationList;
			buildConfigurations = (
				7AF3608725B28F280082511E /* Debug */,
				7AF3608825B28F280082511E /* Release */,
			);
			defaultConfigurationIsVisible = 0;
			defaultConfigurationName = Release;
		};
		7AF3608925B28F280082511E /* Build configuration list for PBXNativeTarget "tictactoe" */ = {
			isa = XCConfigurationList;
			buildConfigurations = (
				7AF3608A25B28F280082511E /* Debug */,
				7AF3608B25B28F280082511E /* Release */,
			);
			defaultConfigurationIsVisible = 0;
			defaultConfigurationName = Release;
		};
		7AF3608C25B28F280082511E /* Build configuration list for PBXNativeTarget "tictactoeTests" */ = {
			isa = XCConfigurationList;
			buildConfigurations = (
				7AF3608D25B28F280082511E /* Debug */,
				7AF3608E25B28F280082511E /* Release */,
			);
			defaultConfigurationIsVisible = 0;
			defaultConfigurationName = Release;
		};
		7AF3608F25B28F280082511E /* Build configuration list for PBXNativeTarget "tictactoeUITests" */ = {
			isa = XCConfigurationList;
			buildConfigurations = (
				7AF3609025B28F280082511E /* Debug */,
				7AF3609125B28F280082511E /* Release */,
			);
			defaultConfigurationIsVisible = 0;
			defaultConfigurationName = Release;
		};
/* End XCConfigurationList section */
	};
	rootObject = 7AF3605725B28F270082511E /* Project object */;
}
